{
    "_readme": [
        "This file locks the dependencies of your project to a known state",
        "Read more about it at https://getcomposer.org/doc/01-basic-usage.md#installing-dependencies",
        "This file is @generated automatically"
    ],
    "content-hash": "d810464367705d12a59b014832311e22",
    "packages": [],
    "packages-dev": [
        {
            "name": "rybakit/msgpack",
            "version": "v0.7.2",
            "source": {
                "type": "git",
                "url": "https://github.com/rybakit/msgpack.php.git",
                "reference": "f3ad27e3e7eba2204e022ec175a981e6ccb97548"
            },
            "dist": {
                "type": "zip",
                "url": "https://api.github.com/repos/rybakit/msgpack.php/zipball/f3ad27e3e7eba2204e022ec175a981e6ccb97548",
                "reference": "f3ad27e3e7eba2204e022ec175a981e6ccb97548",
                "shasum": ""
            },
            "require": {
                "php": "^7.1.1|^8"
            },
            "require-dev": {
                "ext-gmp": "*",
                "friendsofphp/php-cs-fixer": "^2.14",
                "phpunit/phpunit": "^7.1|^8|^9"
            },
            "suggest": {
                "ext-decimal": "For converting overflowed integers to Decimal objects",
                "ext-gmp": "For converting overflowed integers to GMP objects"
            },
            "type": "library",
            "autoload": {
                "psr-4": {
                    "MessagePack\\": "src/"
                }
            },
            "notification-url": "https://packagist.org/downloads/",
            "license": [
                "MIT"
            ],
            "authors": [
                {
                    "name": "Eugene Leonovich",
                    "email": "gen.work@gmail.com"
                }
            ],
            "description": "A pure PHP implementation of the MessagePack serialization format.",
            "keywords": [
                "messagepack",
                "msgpack",
                "pure",
                "streaming"
            ],
            "support": {
                "issues": "https://github.com/rybakit/msgpack.php/issues",
                "source": "https://github.com/rybakit/msgpack.php/tree/v0.7.2"
            },
            "funding": [
                {
                    "url": "https://github.com/rybakit",
                    "type": "github"
                }
            ],
            "time": "2020-12-18T21:14:07+00:00"
        },
        {
            "name": "vkcom/kphp-polyfills",
            "version": "v1.0.11",
            "source": {
                "type": "git",
                "url": "https://github.com/VKCOM/kphp-polyfills.git",
                "reference": "d330fcd718615850ab15b968aa1718710845cc7b"
            },
            "dist": {
                "type": "zip",
                "url": "https://api.github.com/repos/VKCOM/kphp-polyfills/zipball/d330fcd718615850ab15b968aa1718710845cc7b",
                "reference": "d330fcd718615850ab15b968aa1718710845cc7b",
                "shasum": ""
            },
            "require": {
                "rybakit/msgpack": "^0.7.0"
            },
            "type": "library",
            "autoload": {
                "psr-4": {
                    "KPHP\\": "src/"
                },
                "files": [
                    "kphp_polyfills.php"
                ]
            },
            "notification-url": "https://packagist.org/downloads/",
            "license": [
                "GPL-3.0-or-later"
            ],
            "description": "PHP implementations of functions supported by KPHP natively",
            "support": {
                "issues": "https://github.com/VKCOM/kphp-polyfills/issues",
                "source": "https://github.com/VKCOM/kphp-polyfills/tree/v1.0.11"
            },
            "time": "2021-07-20T09:36:46+00:00"
        }
    ],
    "aliases": [],
    "minimum-stability": "stable",
    "stability-flags": [],
    "prefer-stable": false,
    "prefer-lowest": false,
    "platform": [],
    "platform-dev": [],
    "plugin-api-version": "2.1.0"
}
